// !$*UTF8*$!
{
	archiveVersion = 1;
	classes = {
	};
	objectVersion = 46;
	objects = {

/* Begin PBXBuildFile section */
		91798DCA19A6F74A007EDDC2 /* Foundation.framework in Frameworks */ = {isa = PBXBuildFile; fileRef = 91798DC919A6F74A007EDDC2 /* Foundation.framework */; };
		91798DCC19A6F74A007EDDC2 /* CoreGraphics.framework in Frameworks */ = {isa = PBXBuildFile; fileRef = 91798DCB19A6F74A007EDDC2 /* CoreGraphics.framework */; };
		91798DCE19A6F74A007EDDC2 /* UIKit.framework in Frameworks */ = {isa = PBXBuildFile; fileRef = 91798DCD19A6F74A007EDDC2 /* UIKit.framework */; };
		91798DD419A6F74A007EDDC2 /* InfoPlist.strings in Resources */ = {isa = PBXBuildFile; fileRef = 91798DD219A6F74A007EDDC2 /* InfoPlist.strings */; };
		91798DD619A6F74A007EDDC2 /* main.m in Sources */ = {isa = PBXBuildFile; fileRef = 91798DD519A6F74A007EDDC2 /* main.m */; };
		91798DDA19A6F74A007EDDC2 /* AppDelegate.m in Sources */ = {isa = PBXBuildFile; fileRef = 91798DD919A6F74A007EDDC2 /* AppDelegate.m */; };
		91798DDD19A6F74A007EDDC2 /* Main.storyboard in Resources */ = {isa = PBXBuildFile; fileRef = 91798DDB19A6F74A007EDDC2 /* Main.storyboard */; };
		91798DE019A6F74A007EDDC2 /* ViewController.m in Sources */ = {isa = PBXBuildFile; fileRef = 91798DDF19A6F74A007EDDC2 /* ViewController.m */; };
		91798DE219A6F74A007EDDC2 /* Images.xcassets in Resources */ = {isa = PBXBuildFile; fileRef = 91798DE119A6F74A007EDDC2 /* Images.xcassets */; };
		91798DE919A6F74A007EDDC2 /* XCTest.framework in Frameworks */ = {isa = PBXBuildFile; fileRef = 91798DE819A6F74A007EDDC2 /* XCTest.framework */; };
		91798DEA19A6F74A007EDDC2 /* Foundation.framework in Frameworks */ = {isa = PBXBuildFile; fileRef = 91798DC919A6F74A007EDDC2 /* Foundation.framework */; };
		91798DEB19A6F74A007EDDC2 /* UIKit.framework in Frameworks */ = {isa = PBXBuildFile; fileRef = 91798DCD19A6F74A007EDDC2 /* UIKit.framework */; };
		91798DF319A6F74A007EDDC2 /* InfoPlist.strings in Resources */ = {isa = PBXBuildFile; fileRef = 91798DF119A6F74A007EDDC2 /* InfoPlist.strings */; };
		91798DF519A6F74A007EDDC2 /* CustomSegueExampleTests.m in Sources */ = {isa = PBXBuildFile; fileRef = 91798DF419A6F74A007EDDC2 /* CustomSegueExampleTests.m */; };
		91798E0319A6F7E5007EDDC2 /* MyViewController.m in Sources */ = {isa = PBXBuildFile; fileRef = 91798E0219A6F7E5007EDDC2 /* MyViewController.m */; };
		91798E0619A6FB23007EDDC2 /* MyCustomSegue.m in Sources */ = {isa = PBXBuildFile; fileRef = 91798E0519A6FB23007EDDC2 /* MyCustomSegue.m */; };
		91798E0919A70016007EDDC2 /* CustomUnwindSegue.m in Sources */ = {isa = PBXBuildFile; fileRef = 91798E0819A70016007EDDC2 /* CustomUnwindSegue.m */; };
/* End PBXBuildFile section */

/* Begin PBXContainerItemProxy section */
		91798DEC19A6F74A007EDDC2 /* PBXContainerItemProxy */ = {
			isa = PBXContainerItemProxy;
			containerPortal = 91798DBE19A6F74A007EDDC2 /* Project object */;
			proxyType = 1;
			remoteGlobalIDString = 91798DC519A6F74A007EDDC2;
			remoteInfo = CustomSegueExample;
		};
/* End PBXContainerItemProxy section */

/* Begin PBXFileReference section */
		91798DC619A6F74A007EDDC2 /* CustomSegueExample.app */ = {isa = PBXFileReference; explicitFileType = wrapper.application; includeInIndex = 0; path = CustomSegueExample.app; sourceTree = BUILT_PRODUCTS_DIR; };
		91798DC919A6F74A007EDDC2 /* Foundation.framework */ = {isa = PBXFileReference; lastKnownFileType = wrapper.framework; name = Foundation.framework; path = System/Library/Frameworks/Foundation.framework; sourceTree = SDKROOT; };
		91798DCB19A6F74A007EDDC2 /* CoreGraphics.framework */ = {isa = PBXFileReference; lastKnownFileType = wrapper.framework; name = CoreGraphics.framework; path = System/Library/Frameworks/CoreGraphics.framework; sourceTree = SDKROOT; };
		91798DCD19A6F74A007EDDC2 /* UIKit.framework */ = {isa = PBXFileReference; lastKnownFileType = wrapper.framework; name = UIKit.framework; path = System/Library/Frameworks/UIKit.framework; sourceTree = SDKROOT; };
		91798DD119A6F74A007EDDC2 /* CustomSegueExample-Info.plist */ = {isa = PBXFileReference; lastKnownFileType = text.plist.xml; path = "CustomSegueExample-Info.plist"; sourceTree = "<group>"; };
		91798DD319A6F74A007EDDC2 /* en */ = {isa = PBXFileReference; lastKnownFileType = text.plist.strings; name = en; path = en.lproj/InfoPlist.strings; sourceTree = "<group>"; };
		91798DD519A6F74A007EDDC2 /* main.m */ = {isa = PBXFileReference; lastKnownFileType = sourcecode.c.objc; path = main.m; sourceTree = "<group>"; };
		91798DD719A6F74A007EDDC2 /* CustomSegueExample-Prefix.pch */ = {isa = PBXFileReference; lastKnownFileType = sourcecode.c.h; path = "CustomSegueExample-Prefix.pch"; sourceTree = "<group>"; };
		91798DD819A6F74A007EDDC2 /* AppDelegate.h */ = {isa = PBXFileReference; lastKnownFileType = sourcecode.c.h; path = AppDelegate.h; sourceTree = "<group>"; };
		91798DD919A6F74A007EDDC2 /* AppDelegate.m */ = {isa = PBXFileReference; lastKnownFileType = sourcecode.c.objc; path = AppDelegate.m; sourceTree = "<group>"; };
		91798DDC19A6F74A007EDDC2 /* Base */ = {isa = PBXFileReference; lastKnownFileType = file.storyboard; name = Base; path = Base.lproj/Main.storyboard; sourceTree = "<group>"; };
		91798DDE19A6F74A007EDDC2 /* ViewController.h */ = {isa = PBXFileReference; lastKnownFileType = sourcecode.c.h; path = ViewController.h; sourceTree = "<group>"; };
		91798DDF19A6F74A007EDDC2 /* ViewController.m */ = {isa = PBXFileReference; lastKnownFileType = sourcecode.c.objc; path = ViewController.m; sourceTree = "<group>"; };
		91798DE119A6F74A007EDDC2 /* Images.xcassets */ = {isa = PBXFileReference; lastKnownFileType = folder.assetcatalog; path = Images.xcassets; sourceTree = "<group>"; };
		91798DE719A6F74A007EDDC2 /* CustomSegueExampleTests.xctest */ = {isa = PBXFileReference; explicitFileType = wrapper.cfbundle; includeInIndex = 0; path = CustomSegueExampleTests.xctest; sourceTree = BUILT_PRODUCTS_DIR; };
		91798DE819A6F74A007EDDC2 /* XCTest.framework */ = {isa = PBXFileReference; lastKnownFileType = wrapper.framework; name = XCTest.framework; path = Library/Frameworks/XCTest.framework; sourceTree = DEVELOPER_DIR; };
		91798DF019A6F74A007EDDC2 /* CustomSegueExampleTests-Info.plist */ = {isa = PBXFileReference; lastKnownFileType = text.plist.xml; path = "CustomSegueExampleTests-Info.plist"; sourceTree = "<group>"; };
		91798DF219A6F74A007EDDC2 /* en */ = {isa = PBXFileReference; lastKnownFileType = text.plist.strings; name = en; path = en.lproj/InfoPlist.strings; sourceTree = "<group>"; };
		91798DF419A6F74A007EDDC2 /* CustomSegueExampleTests.m */ = {isa = PBXFileReference; lastKnownFileType = sourcecode.c.objc; path = CustomSegueExampleTests.m; sourceTree = "<group>"; };
		91798E0119A6F7E5007EDDC2 /* MyViewController.h */ = {isa = PBXFileReference; fileEncoding = 4; lastKnownFileType = sourcecode.c.h; path = MyViewController.h; sourceTree = "<group>"; };
		91798E0219A6F7E5007EDDC2 /* MyViewController.m */ = {isa = PBXFileReference; fileEncoding = 4; lastKnownFileType = sourcecode.c.objc; path = MyViewController.m; sourceTree = "<group>"; };
		91798E0419A6FB23007EDDC2 /* MyCustomSegue.h */ = {isa = PBXFileReference; fileEncoding = 4; lastKnownFileType = sourcecode.c.h; path = MyCustomSegue.h; sourceTree = "<group>"; };
		91798E0519A6FB23007EDDC2 /* MyCustomSegue.m */ = {isa = PBXFileReference; fileEncoding = 4; lastKnownFileType = sourcecode.c.objc; path = MyCustomSegue.m; sourceTree = "<group>"; };
		91798E0719A70016007EDDC2 /* CustomUnwindSegue.h */ = {isa = PBXFileReference; fileEncoding = 4; lastKnownFileType = sourcecode.c.h; path = CustomUnwindSegue.h; sourceTree = "<group>"; };
		91798E0819A70016007EDDC2 /* CustomUnwindSegue.m */ = {isa = PBXFileReference; fileEncoding = 4; lastKnownFileType = sourcecode.c.objc; path = CustomUnwindSegue.m; sourceTree = "<group>"; };
/* End PBXFileReference section */

/* Begin PBXFrameworksBuildPhase section */
		91798DC319A6F74A007EDDC2 /* Frameworks */ = {
			isa = PBXFrameworksBuildPhase;
			buildActionMask = 2147483647;
			files = (
				91798DCC19A6F74A007EDDC2 /* CoreGraphics.framework in Frameworks */,
				91798DCE19A6F74A007EDDC2 /* UIKit.framework in Frameworks */,
				91798DCA19A6F74A007EDDC2 /* Foundation.framework in Frameworks */,
			);
			runOnlyForDeploymentPostprocessing = 0;
		};
		91798DE419A6F74A007EDDC2 /* Frameworks */ = {
			isa = PBXFrameworksBuildPhase;
			buildActionMask = 2147483647;
			files = (
				91798DE919A6F74A007EDDC2 /* XCTest.framework in Frameworks */,
				91798DEB19A6F74A007EDDC2 /* UIKit.framework in Frameworks */,
				91798DEA19A6F74A007EDDC2 /* Foundation.framework in Frameworks */,
			);
			runOnlyForDeploymentPostprocessing = 0;
		};
/* End PBXFrameworksBuildPhase section */

/* Begin PBXGroup section */
		91798DBD19A6F74A007EDDC2 = {
			isa = PBXGroup;
			children = (
				91798DCF19A6F74A007EDDC2 /* CustomSegueExample */,
				91798DEE19A6F74A007EDDC2 /* CustomSegueExampleTests */,
				91798DC819A6F74A007EDDC2 /* Frameworks */,
				91798DC719A6F74A007EDDC2 /* Products */,
			);
			sourceTree = "<group>";
		};
		91798DC719A6F74A007EDDC2 /* Products */ = {
			isa = PBXGroup;
			children = (
				91798DC619A6F74A007EDDC2 /* CustomSegueExample.app */,
				91798DE719A6F74A007EDDC2 /* CustomSegueExampleTests.xctest */,
			);
			name = Products;
			sourceTree = "<group>";
		};
		91798DC819A6F74A007EDDC2 /* Frameworks */ = {
			isa = PBXGroup;
			children = (
				91798DC919A6F74A007EDDC2 /* Foundation.framework */,
				91798DCB19A6F74A007EDDC2 /* CoreGraphics.framework */,
				91798DCD19A6F74A007EDDC2 /* UIKit.framework */,
				91798DE819A6F74A007EDDC2 /* XCTest.framework */,
			);
			name = Frameworks;
			sourceTree = "<group>";
		};
		91798DCF19A6F74A007EDDC2 /* CustomSegueExample */ = {
			isa = PBXGroup;
			children = (
				91798DD819A6F74A007EDDC2 /* AppDelegate.h */,
				91798DD919A6F74A007EDDC2 /* AppDelegate.m */,
				91798DDB19A6F74A007EDDC2 /* Main.storyboard */,
				91798E0719A70016007EDDC2 /* CustomUnwindSegue.h */,
				91798E0819A70016007EDDC2 /* CustomUnwindSegue.m */,
				91798DDE19A6F74A007EDDC2 /* ViewController.h */,
				91798DDF19A6F74A007EDDC2 /* ViewController.m */,
				91798E0119A6F7E5007EDDC2 /* MyViewController.h */,
				91798E0219A6F7E5007EDDC2 /* MyViewController.m */,
				91798E0419A6FB23007EDDC2 /* MyCustomSegue.h */,
				91798E0519A6FB23007EDDC2 /* MyCustomSegue.m */,
				91798DE119A6F74A007EDDC2 /* Images.xcassets */,
				91798DD019A6F74A007EDDC2 /* Supporting Files */,
			);
			path = CustomSegueExample;
			sourceTree = "<group>";
		};
		91798DD019A6F74A007EDDC2 /* Supporting Files */ = {
			isa = PBXGroup;
			children = (
				91798DD119A6F74A007EDDC2 /* CustomSegueExample-Info.plist */,
				91798DD219A6F74A007EDDC2 /* InfoPlist.strings */,
				91798DD519A6F74A007EDDC2 /* main.m */,
				91798DD719A6F74A007EDDC2 /* CustomSegueExample-Prefix.pch */,
			);
			name = "Supporting Files";
			sourceTree = "<group>";
		};
		91798DEE19A6F74A007EDDC2 /* CustomSegueExampleTests */ = {
			isa = PBXGroup;
			children = (
				91798DF419A6F74A007EDDC2 /* CustomSegueExampleTests.m */,
				91798DEF19A6F74A007EDDC2 /* Supporting Files */,
			);
			path = CustomSegueExampleTests;
			sourceTree = "<group>";
		};
		91798DEF19A6F74A007EDDC2 /* Supporting Files */ = {
			isa = PBXGroup;
			children = (
				91798DF019A6F74A007EDDC2 /* CustomSegueExampleTests-Info.plist */,
				91798DF119A6F74A007EDDC2 /* InfoPlist.strings */,
			);
			name = "Supporting Files";
			sourceTree = "<group>";
		};
/* End PBXGroup section */

/* Begin PBXNativeTarget section */
		91798DC519A6F74A007EDDC2 /* CustomSegueExample */ = {
			isa = PBXNativeTarget;
			buildConfigurationList = 91798DF819A6F74A007EDDC2 /* Build configuration list for PBXNativeTarget "CustomSegueExample" */;
			buildPhases = (
				91798DC219A6F74A007EDDC2 /* Sources */,
				91798DC319A6F74A007EDDC2 /* Frameworks */,
				91798DC419A6F74A007EDDC2 /* Resources */,
			);
			buildRules = (
			);
			dependencies = (
			);
			name = CustomSegueExample;
			productName = CustomSegueExample;
			productReference = 91798DC619A6F74A007EDDC2 /* CustomSegueExample.app */;
			productType = "com.apple.product-type.application";
		};
		91798DE619A6F74A007EDDC2 /* CustomSegueExampleTests */ = {
			isa = PBXNativeTarget;
			buildConfigurationList = 91798DFB19A6F74A007EDDC2 /* Build configuration list for PBXNativeTarget "CustomSegueExampleTests" */;
			buildPhases = (
				91798DE319A6F74A007EDDC2 /* Sources */,
				91798DE419A6F74A007EDDC2 /* Frameworks */,
				91798DE519A6F74A007EDDC2 /* Resources */,
			);
			buildRules = (
			);
			dependencies = (
				91798DED19A6F74A007EDDC2 /* PBXTargetDependency */,
			);
			name = CustomSegueExampleTests;
			productName = CustomSegueExampleTests;
			productReference = 91798DE719A6F74A007EDDC2 /* CustomSegueExampleTests.xctest */;
			productType = "com.apple.product-type.bundle.unit-test";
		};
/* End PBXNativeTarget section */

/* Begin PBXProject section */
		91798DBE19A6F74A007EDDC2 /* Project object */ = {
			isa = PBXProject;
			attributes = {
				LastUpgradeCheck = 0510;
				ORGANIZATIONNAME = "Hello Mihai";
				TargetAttributes = {
					91798DE619A6F74A007EDDC2 = {
						TestTargetID = 91798DC519A6F74A007EDDC2;
					};
				};
			};
			buildConfigurationList = 91798DC119A6F74A007EDDC2 /* Build configuration list for PBXProject "CustomSegueExample" */;
			compatibilityVersion = "Xcode 3.2";
			developmentRegion = English;
			hasScannedForEncodings = 0;
			knownRegions = (
				en,
				Base,
			);
			mainGroup = 91798DBD19A6F74A007EDDC2;
			productRefGroup = 91798DC719A6F74A007EDDC2 /* Products */;
			projectDirPath = "";
			projectRoot = "";
			targets = (
				91798DC519A6F74A007EDDC2 /* CustomSegueExample */,
				91798DE619A6F74A007EDDC2 /* CustomSegueExampleTests */,
			);
		};
/* End PBXProject section */

/* Begin PBXResourcesBuildPhase section */
		91798DC419A6F74A007EDDC2 /* Resources */ = {
			isa = PBXResourcesBuildPhase;
			buildActionMask = 2147483647;
			files = (
				91798DE219A6F74A007EDDC2 /* Images.xcassets in Resources */,
				91798DD419A6F74A007EDDC2 /* InfoPlist.strings in Resources */,
				91798DDD19A6F74A007EDDC2 /* Main.storyboard in Resources */,
			);
			runOnlyForDeploymentPostprocessing = 0;
		};
		91798DE519A6F74A007EDDC2 /* Resources */ = {
			isa = PBXResourcesBuildPhase;
			buildActionMask = 2147483647;
			files = (
				91798DF319A6F74A007EDDC2 /* InfoPlist.strings in Resources */,
			);
			runOnlyForDeploymentPostprocessing = 0;
		};
/* End PBXResourcesBuildPhase section */

/* Begin PBXSourcesBuildPhase section */
		91798DC219A6F74A007EDDC2 /* Sources */ = {
			isa = PBXSourcesBuildPhase;
			buildActionMask = 2147483647;
			files = (
				91798DE019A6F74A007EDDC2 /* ViewController.m in Sources */,
				91798DDA19A6F74A007EDDC2 /* AppDelegate.m in Sources */,
				91798E0319A6F7E5007EDDC2 /* MyViewController.m in Sources */,
				91798E0619A6FB23007EDDC2 /* MyCustomSegue.m in Sources */,
				91798DD619A6F74A007EDDC2 /* main.m in Sources */,
				91798E0919A70016007EDDC2 /* CustomUnwindSegue.m in Sources */,
			);
			runOnlyForDeploymentPostprocessing = 0;
		};
		91798DE319A6F74A007EDDC2 /* Sources */ = {
			isa = PBXSourcesBuildPhase;
			buildActionMask = 2147483647;
			files = (
				91798DF519A6F74A007EDDC2 /* CustomSegueExampleTests.m in Sources */,
			);
			runOnlyForDeploymentPostprocessing = 0;
		};
/* End PBXSourcesBuildPhase section */

/* Begin PBXTargetDependency section */
		91798DED19A6F74A007EDDC2 /* PBXTargetDependency */ = {
			isa = PBXTargetDependency;
			target = 91798DC519A6F74A007EDDC2 /* CustomSegueExample */;
			targetProxy = 91798DEC19A6F74A007EDDC2 /* PBXContainerItemProxy */;
		};
/* End PBXTargetDependency section */

/* Begin PBXVariantGroup section */
		91798DD219A6F74A007EDDC2 /* InfoPlist.strings */ = {
			isa = PBXVariantGroup;
			children = (
				91798DD319A6F74A007EDDC2 /* en */,
			);
			name = InfoPlist.strings;
			sourceTree = "<group>";
		};
		91798DDB19A6F74A007EDDC2 /* Main.storyboard */ = {
			isa = PBXVariantGroup;
			children = (
				91798DDC19A6F74A007EDDC2 /* Base */,
			);
			name = Main.storyboard;
			sourceTree = "<group>";
		};
		91798DF119A6F74A007EDDC2 /* InfoPlist.strings */ = {
			isa = PBXVariantGroup;
			children = (
				91798DF219A6F74A007EDDC2 /* en */,
			);
			name = InfoPlist.strings;
			sourceTree = "<group>";
		};
/* End PBXVariantGroup section */

/* Begin XCBuildConfiguration section */
		91798DF619A6F74A007EDDC2 /* Debug */ = {
			isa = XCBuildConfiguration;
			buildSettings = {
				ALWAYS_SEARCH_USER_PATHS = NO;
				CLANG_CXX_LANGUAGE_STANDARD = "gnu++0x";
				CLANG_CXX_LIBRARY = "libc++";
				CLANG_ENABLE_MODULES = YES;
				CLANG_ENABLE_OBJC_ARC = YES;
				CLANG_WARN_BOOL_CONVERSION = YES;
				CLANG_WARN_CONSTANT_CONVERSION = YES;
				CLANG_WARN_DIRECT_OBJC_ISA_USAGE = YES_ERROR;
				CLANG_WARN_EMPTY_BODY = YES;
				CLANG_WARN_ENUM_CONVERSION = YES;
				CLANG_WARN_INT_CONVERSION = YES;
				CLANG_WARN_OBJC_ROOT_CLASS = YES_ERROR;
				CLANG_WARN__DUPLICATE_METHOD_MATCH = YES;
				"CODE_SIGN_IDENTITY[sdk=iphoneos*]" = "iPhone Developer";
				COPY_PHASE_STRIP = NO;
				GCC_C_LANGUAGE_STANDARD = gnu99;
				GCC_DYNAMIC_NO_PIC = NO;
				GCC_OPTIMIZATION_LEVEL = 0;
				GCC_PREPROCESSOR_DEFINITIONS = (
					"DEBUG=1",
					"$(inherited)",
				);
				GCC_SYMBOLS_PRIVATE_EXTERN = NO;
				GCC_WARN_64_TO_32_BIT_CONVERSION = YES;
				GCC_WARN_ABOUT_RETURN_TYPE = YES_ERROR;
				GCC_WARN_UNDECLARED_SELECTOR = YES;
				GCC_WARN_UNINITIALIZED_AUTOS = YES_AGGRESSIVE;
				GCC_WARN_UNUSED_FUNCTION = YES;
				GCC_WARN_UNUSED_VARIABLE = YES;
				IPHONEOS_DEPLOYMENT_TARGET = 7.1;
				ONLY_ACTIVE_ARCH = YES;
				SDKROOT = iphoneos;
			};
			name = Debug;
		};
		91798DF719A6F74A007EDDC2 /* Release */ = {
			isa = XCBuildConfiguration;
			buildSettings = {
				ALWAYS_SEARCH_USER_PATHS = NO;
				CLANG_CXX_LANGUAGE_STANDARD = "gnu++0x";
				CLANG_CXX_LIBRARY = "libc++";
				CLANG_ENABLE_MODULES = YES;
				CLANG_ENABLE_OBJC_ARC = YES;
				CLANG_WARN_BOOL_CONVERSION = YES;
				CLANG_WARN_CONSTANT_CONVERSION = YES;
				CLANG_WARN_DIRECT_OBJC_ISA_USAGE = YES_ERROR;
				CLANG_WARN_EMPTY_BODY = YES;
				CLANG_WARN_ENUM_CONVERSION = YES;
				CLANG_WARN_INT_CONVERSION = YES;
				CLANG_WARN_OBJC_ROOT_CLASS = YES_ERROR;
				CLANG_WARN__DUPLICATE_METHOD_MATCH = YES;
				"CODE_SIGN_IDENTITY[sdk=iphoneos*]" = "iPhone Developer";
				COPY_PHASE_STRIP = YES;
				ENABLE_NS_ASSERTIONS = NO;
				GCC_C_LANGUAGE_STANDARD = gnu99;
				GCC_WARN_64_TO_32_BIT_CONVERSION = YES;
				GCC_WARN_ABOUT_RETURN_TYPE = YES_ERROR;
				GCC_WARN_UNDECLARED_SELECTOR = YES;
				GCC_WARN_UNINITIALIZED_AUTOS = YES_AGGRESSIVE;
				GCC_WARN_UNUSED_FUNCTION = YES;
				GCC_WARN_UNUSED_VARIABLE = YES;
				IPHONEOS_DEPLOYMENT_TARGET = 7.1;
				SDKROOT = iphoneos;
				VALIDATE_PRODUCT = YES;
			};
			name = Release;
		};
		91798DF919A6F74A007EDDC2 /* Debug */ = {
			isa = XCBuildConfiguration;
			buildSettings = {
				ASSETCATALOG_COMPILER_APPICON_NAME = AppIcon;
				ASSETCATALOG_COMPILER_LAUNCHIMAGE_NAME = LaunchImage;
				GCC_PRECOMPILE_PREFIX_HEADER = YES;
				GCC_PREFIX_HEADER = "CustomSegueExample/CustomSegueExample-Prefix.pch";
				INFOPLIST_FILE = "CustomSegueExample/CustomSegueExample-Info.plist";
				PRODUCT_NAME = "$(TARGET_NAME)";
				WRAPPER_EXTENSION = app;
			};
			name = Debug;
		};
		91798DFA19A6F74A007EDDC2 /* Release */ = {
			isa = XCBuildConfiguration;
			buildSettings = {
				ASSETCATALOG_COMPILER_APPICON_NAME = AppIcon;
				ASSETCATALOG_COMPILER_LAUNCHIMAGE_NAME = LaunchImage;
				GCC_PRECOMPILE_PREFIX_HEADER = YES;
				GCC_PREFIX_HEADER = "CustomSegueExample/CustomSegueExample-Prefix.pch";
				INFOPLIST_FILE = "CustomSegueExample/CustomSegueExample-Info.plist";
				PRODUCT_NAME = "$(TARGET_NAME)";
				WRAPPER_EXTENSION = app;
			};
			name = Release;
		};
		91798DFC19A6F74A007EDDC2 /* Debug */ = {
			isa = XCBuildConfiguration;
			buildSettings = {
				BUNDLE_LOADER = "$(BUILT_PRODUCTS_DIR)/CustomSegueExample.app/CustomSegueExample";
				FRAMEWORK_SEARCH_PATHS = (
					"$(SDKROOT)/Developer/Library/Frameworks",
					"$(inherited)",
					"$(DEVELOPER_FRAMEWORKS_DIR)",
				);
				GCC_PRECOMPILE_PREFIX_HEADER = YES;
				GCC_PREFIX_HEADER = "CustomSegueExample/CustomSegueExample-Prefix.pch";
				GCC_PREPROCESSOR_DEFINITIONS = (
					"DEBUG=1",
					"$(inherited)",
				);
				INFOPLIST_FILE = "CustomSegueExampleTests/CustomSegueExampleTests-Info.plist";
				PRODUCT_NAME = "$(TARGET_NAME)";
				TEST_HOST = "$(BUNDLE_LOADER)";
				WRAPPER_EXTENSION = xctest;
			};
			name = Debug;
		};
		91798DFD19A6F74A007EDDC2 /* Release */ = {
			isa = XCBuildConfiguration;
			buildSettings = {
				BUNDLE_LOADER = "$(BUILT_PRODUCTS_DIR)/CustomSegueExample.app/CustomSegueExample";
				FRAMEWORK_SEARCH_PATHS = (
					"$(SDKROOT)/Developer/Library/Frameworks",
					"$(inherited)",
					"$(DEVELOPER_FRAMEWORKS_DIR)",
				);
				GCC_PRECOMPILE_PREFIX_HEADER = YES;
				GCC_PREFIX_HEADER = "CustomSegueExample/CustomSegueExample-Prefix.pch";
				INFOPLIST_FILE = "CustomSegueExampleTests/CustomSegueExampleTests-Info.plist";
				PRODUCT_NAME = "$(TARGET_NAME)";
				TEST_HOST = "$(BUNDLE_LOADER)";
				WRAPPER_EXTENSION = xctest;
			};
			name = Release;
		};
/* End XCBuildConfiguration section */

/* Begin XCConfigurationList section */
		91798DC119A6F74A007EDDC2 /* Build configuration list for PBXProject "CustomSegueExample" */ = {
			isa = XCConfigurationList;
			buildConfigurations = (
				91798DF619A6F74A007EDDC2 /* Debug */,
				91798DF719A6F74A007EDDC2 /* Release */,
			);
			defaultConfigurationIsVisible = 0;
			defaultConfigurationName = Release;
		};
		91798DF819A6F74A007EDDC2 /* Build configuration list for PBXNativeTarget "CustomSegueExample" */ = {
			isa = XCConfigurationList;
			buildConfigurations = (
				91798DF919A6F74A007EDDC2 /* Debug */,
				91798DFA19A6F74A007EDDC2 /* Release */,
			);
			defaultConfigurationIsVisible = 0;
		};
		91798DFB19A6F74A007EDDC2 /* Build configuration list for PBXNativeTarget "CustomSegueExampleTests" */ = {
			isa = XCConfigurationList;
			buildConfigurations = (
				91798DFC19A6F74A007EDDC2 /* Debug */,
				91798DFD19A6F74A007EDDC2 /* Release */,
			);
			defaultConfigurationIsVisible = 0;
		};
/* End XCConfigurationList section */
	};
	rootObject = 91798DBE19A6F74A007EDDC2 /* Project object */;
}
